
Microsoft Visual Studio Solution File, Format Version 12.00
# Visual Studio Version 17
VisualStudioVersion = 17.3.32819.101
MinimumVisualStudioVersion = 10.0.40219.1
Project("{FAE04EC0-301F-11D3-BF4B-00C04F79EFBC}") = "FinancePlanner.WebStatus", "FinancePlanner.WebStatus\FinancePlanner.WebStatus.csproj", "{D5EBBF61-4D52-497B-B98F-0B35A4CB5F86}"
EndProject
Global
	GlobalSection(SolutionConfigurationPlatforms) = preSolution
		Debug|Any CPU = Debug|Any CPU
		Release|Any CPU = Release|Any CPU
	EndGlobalSection
	GlobalSection(ProjectConfigurationPlatforms) = postSolution
		{D5EBBF61-4D52-497B-B98F-0B35A4CB5F86}.Debug|Any CPU.ActiveCfg = Debug|Any CPU
		{D5EBBF61-4D52-497B-B98F-0B35A4CB5F86}.Debug|Any CPU.Build.0 = Debug|Any CPU
		{D5EBBF61-4D52-497B-B98F-0B35A4CB5F86}.Release|Any CPU.ActiveCfg = Release|Any CPU
		{D5EBBF61-4D52-497B-B98F-0B35A4CB5F86}.Release|Any CPU.Build.0 = Release|Any CPU
	EndGlobalSection
	GlobalSection(SolutionProperties) = preSolution
		HideSolutionNode = FALSE
	EndGlobalSection
	GlobalSection(ExtensibilityGlobals) = postSolution
		SolutionGuid = {1EE20E0C-0613-4F3A-B442-261FF163FF00}
	EndGlobalSection
EndGlobal
